// !$*UTF8*$!
{
	archiveVersion = 1;
	classes = {
	};
	objectVersion = 77;
	objects = {

/* Begin PBXBuildFile section */
		0EBC30A0BA122D8096440298 /* Pods_kanjiCase1Tests.framework in Frameworks */ = {isa = PBXBuildFile; fileRef = 949E99F4766D1DDB05DC7F21 /* Pods_kanjiCase1Tests.framework */; };
		BB2B1ACE0C12D6CC8EBD99BB /* Pods_kanjiCase1.framework in Frameworks */ = {isa = PBXBuildFile; fileRef = FA1FEDC0E6818BE4606CAF75 /* Pods_kanjiCase1.framework */; };
		F7F94F2EAE8B5534BCC20E25 /* Pods_kanjiCase1_kanjiCase1UITests.framework in Frameworks */ = {isa = PBXBuildFile; fileRef = A44C0F42BABF29383C06D660 /* Pods_kanjiCase1_kanjiCase1UITests.framework */; };
/* End PBXBuildFile section */

/* Begin PBXContainerItemProxy section */
		4F68CB6D2D7BA817003CB097 /* PBXContainerItemProxy */ = {
			isa = PBXContainerItemProxy;
			containerPortal = 4F68CB4E2D7BA815003CB097 /* Project object */;
			proxyType = 1;
			remoteGlobalIDString = 4F68CB552D7BA815003CB097;
			remoteInfo = kanjiCase1;
		};
		4F68CB772D7BA817003CB097 /* PBXContainerItemProxy */ = {
			isa = PBXContainerItemProxy;
			containerPortal = 4F68CB4E2D7BA815003CB097 /* Project object */;
			proxyType = 1;
			remoteGlobalIDString = 4F68CB552D7BA815003CB097;
			remoteInfo = kanjiCase1;
		};
/* End PBXContainerItemProxy section */

/* Begin PBXFileReference section */
		3C89164F5C0A7B52355C7F84 /* Pods-kanjiCase1-kanjiCase1UITests.release.xcconfig */ = {isa = PBXFileReference; includeInIndex = 1; lastKnownFileType = text.xcconfig; name = "Pods-kanjiCase1-kanjiCase1UITests.release.xcconfig"; path = "Target Support Files/Pods-kanjiCase1-kanjiCase1UITests/Pods-kanjiCase1-kanjiCase1UITests.release.xcconfig"; sourceTree = "<group>"; };
		4F68CB562D7BA815003CB097 /* kanjiCase1.app */ = {isa = PBXFileReference; explicitFileType = wrapper.application; includeInIndex = 0; path = kanjiCase1.app; sourceTree = BUILT_PRODUCTS_DIR; };
		4F68CB6C2D7BA817003CB097 /* kanjiCase1Tests.xctest */ = {isa = PBXFileReference; explicitFileType = wrapper.cfbundle; includeInIndex = 0; path = kanjiCase1Tests.xctest; sourceTree = BUILT_PRODUCTS_DIR; };
		4F68CB762D7BA817003CB097 /* kanjiCase1UITests.xctest */ = {isa = PBXFileReference; explicitFileType = wrapper.cfbundle; includeInIndex = 0; path = kanjiCase1UITests.xctest; sourceTree = BUILT_PRODUCTS_DIR; };
		76016F559E058318F1A91933 /* Pods-kanjiCase1.debug.xcconfig */ = {isa = PBXFileReference; includeInIndex = 1; lastKnownFileType = text.xcconfig; name = "Pods-kanjiCase1.debug.xcconfig"; path = "Target Support Files/Pods-kanjiCase1/Pods-kanjiCase1.debug.xcconfig"; sourceTree = "<group>"; };
		949E99F4766D1DDB05DC7F21 /* Pods_kanjiCase1Tests.framework */ = {isa = PBXFileReference; explicitFileType = wrapper.framework; includeInIndex = 0; path = Pods_kanjiCase1Tests.framework; sourceTree = BUILT_PRODUCTS_DIR; };
		94A58B016BF80467C5960056 /* Pods-kanjiCase1Tests.release.xcconfig */ = {isa = PBXFileReference; includeInIndex = 1; lastKnownFileType = text.xcconfig; name = "Pods-kanjiCase1Tests.release.xcconfig"; path = "Target Support Files/Pods-kanjiCase1Tests/Pods-kanjiCase1Tests.release.xcconfig"; sourceTree = "<group>"; };
		97C8365F76D83156F8958AA7 /* Pods-kanjiCase1.release.xcconfig */ = {isa = PBXFileReference; includeInIndex = 1; lastKnownFileType = text.xcconfig; name = "Pods-kanjiCase1.release.xcconfig"; path = "Target Support Files/Pods-kanjiCase1/Pods-kanjiCase1.release.xcconfig"; sourceTree = "<group>"; };
		A44C0F42BABF29383C06D660 /* Pods_kanjiCase1_kanjiCase1UITests.framework */ = {isa = PBXFileReference; explicitFileType = wrapper.framework; includeInIndex = 0; path = Pods_kanjiCase1_kanjiCase1UITests.framework; sourceTree = BUILT_PRODUCTS_DIR; };
		E85C0DF9CA21BD26C1EE18EE /* Pods-kanjiCase1Tests.debug.xcconfig */ = {isa = PBXFileReference; includeInIndex = 1; lastKnownFileType = text.xcconfig; name = "Pods-kanjiCase1Tests.debug.xcconfig"; path = "Target Support Files/Pods-kanjiCase1Tests/Pods-kanjiCase1Tests.debug.xcconfig"; sourceTree = "<group>"; };
		FA1FEDC0E6818BE4606CAF75 /* Pods_kanjiCase1.framework */ = {isa = PBXFileReference; explicitFileType = wrapper.framework; includeInIndex = 0; path = Pods_kanjiCase1.framework; sourceTree = BUILT_PRODUCTS_DIR; };
		FD246366433D019F309C1328 /* Pods-kanjiCase1-kanjiCase1UITests.debug.xcconfig */ = {isa = PBXFileReference; includeInIndex = 1; lastKnownFileType = text.xcconfig; name = "Pods-kanjiCase1-kanjiCase1UITests.debug.xcconfig"; path = "Target Support Files/Pods-kanjiCase1-kanjiCase1UITests/Pods-kanjiCase1-kanjiCase1UITests.debug.xcconfig"; sourceTree = "<group>"; };
/* End PBXFileReference section */

/* Begin PBXFileSystemSynchronizedBuildFileExceptionSet section */
		4F68CB7E2D7BA817003CB097 /* Exceptions for "kanjiCase1" folder in "kanjiCase1" target */ = {
			isa = PBXFileSystemSynchronizedBuildFileExceptionSet;
			membershipExceptions = (
				Info.plist,
			);
			target = 4F68CB552D7BA815003CB097 /* kanjiCase1 */;
		};
/* End PBXFileSystemSynchronizedBuildFileExceptionSet section */

/* Begin PBXFileSystemSynchronizedRootGroup section */
		4F68CB582D7BA815003CB097 /* kanjiCase1 */ = {
			isa = PBXFileSystemSynchronizedRootGroup;
			exceptions = (
				4F68CB7E2D7BA817003CB097 /* Exceptions for "kanjiCase1" folder in "kanjiCase1" target */,
			);
			path = kanjiCase1;
			sourceTree = "<group>";
		};
		4F68CB6F2D7BA817003CB097 /* kanjiCase1Tests */ = {
			isa = PBXFileSystemSynchronizedRootGroup;
			path = kanjiCase1Tests;
			sourceTree = "<group>";
		};
		4F68CB792D7BA817003CB097 /* kanjiCase1UITests */ = {
			isa = PBXFileSystemSynchronizedRootGroup;
			path = kanjiCase1UITests;
			sourceTree = "<group>";
		};
/* End PBXFileSystemSynchronizedRootGroup section */

/* Begin PBXFrameworksBuildPhase section */
		4F68CB532D7BA815003CB097 /* Frameworks */ = {
			isa = PBXFrameworksBuildPhase;
			buildActionMask = 2147483647;
			files = (
				BB2B1ACE0C12D6CC8EBD99BB /* Pods_kanjiCase1.framework in Frameworks */,
			);
			runOnlyForDeploymentPostprocessing = 0;
		};
		4F68CB692D7BA817003CB097 /* Frameworks */ = {
			isa = PBXFrameworksBuildPhase;
			buildActionMask = 2147483647;
			files = (
				0EBC30A0BA122D8096440298 /* Pods_kanjiCase1Tests.framework in Frameworks */,
			);
			runOnlyForDeploymentPostprocessing = 0;
		};
		4F68CB732D7BA817003CB097 /* Frameworks */ = {
			isa = PBXFrameworksBuildPhase;
			buildActionMask = 2147483647;
			files = (
				F7F94F2EAE8B5534BCC20E25 /* Pods_kanjiCase1_kanjiCase1UITests.framework in Frameworks */,
			);
			runOnlyForDeploymentPostprocessing = 0;
		};
/* End PBXFrameworksBuildPhase section */

/* Begin PBXGroup section */
		4F68CB4D2D7BA815003CB097 = {
			isa = PBXGroup;
			children = (
				4F68CB582D7BA815003CB097 /* kanjiCase1 */,
				4F68CB6F2D7BA817003CB097 /* kanjiCase1Tests */,
				4F68CB792D7BA817003CB097 /* kanjiCase1UITests */,
				4F68CB572D7BA815003CB097 /* Products */,
				880A78E2E9C8D1832FE62103 /* Pods */,
				B08E022D3332A0A595E4B5C0 /* Frameworks */,
			);
			sourceTree = "<group>";
		};
		4F68CB572D7BA815003CB097 /* Products */ = {
			isa = PBXGroup;
			children = (
				4F68CB562D7BA815003CB097 /* kanjiCase1.app */,
				4F68CB6C2D7BA817003CB097 /* kanjiCase1Tests.xctest */,
				4F68CB762D7BA817003CB097 /* kanjiCase1UITests.xctest */,
			);
			name = Products;
			sourceTree = "<group>";
		};
		880A78E2E9C8D1832FE62103 /* Pods */ = {
			isa = PBXGroup;
			children = (
				76016F559E058318F1A91933 /* Pods-kanjiCase1.debug.xcconfig */,
				97C8365F76D83156F8958AA7 /* Pods-kanjiCase1.release.xcconfig */,
				FD246366433D019F309C1328 /* Pods-kanjiCase1-kanjiCase1UITests.debug.xcconfig */,
				3C89164F5C0A7B52355C7F84 /* Pods-kanjiCase1-kanjiCase1UITests.release.xcconfig */,
				E85C0DF9CA21BD26C1EE18EE /* Pods-kanjiCase1Tests.debug.xcconfig */,
				94A58B016BF80467C5960056 /* Pods-kanjiCase1Tests.release.xcconfig */,
			);
			path = Pods;
			sourceTree = "<group>";
		};
		B08E022D3332A0A595E4B5C0 /* Frameworks */ = {
			isa = PBXGroup;
			children = (
				FA1FEDC0E6818BE4606CAF75 /* Pods_kanjiCase1.framework */,
				A44C0F42BABF29383C06D660 /* Pods_kanjiCase1_kanjiCase1UITests.framework */,
				949E99F4766D1DDB05DC7F21 /* Pods_kanjiCase1Tests.framework */,
			);
			name = Frameworks;
			sourceTree = "<group>";
		};
/* End PBXGroup section */

/* Begin PBXNativeTarget section */
		4F68CB552D7BA815003CB097 /* kanjiCase1 */ = {
			isa = PBXNativeTarget;
			buildConfigurationList = 4F68CB7F2D7BA817003CB097 /* Build configuration list for PBXNativeTarget "kanjiCase1" */;
			buildPhases = (
				B632EBEDD9E4710AE5D54E35 /* [CP] Check Pods Manifest.lock */,
				4F68CB522D7BA815003CB097 /* Sources */,
				4F68CB532D7BA815003CB097 /* Frameworks */,
				4F68CB542D7BA815003CB097 /* Resources */,
				0194C370DC64CE3766F0CA36 /* [CP] Embed Pods Frameworks */,
			);
			buildRules = (
			);
			dependencies = (
			);
			fileSystemSynchronizedGroups = (
				4F68CB582D7BA815003CB097 /* kanjiCase1 */,
			);
			name = kanjiCase1;
			productName = kanjiCase1;
			productReference = 4F68CB562D7BA815003CB097 /* kanjiCase1.app */;
			productType = "com.apple.product-type.application";
		};
		4F68CB6B2D7BA817003CB097 /* kanjiCase1Tests */ = {
			isa = PBXNativeTarget;
			buildConfigurationList = 4F68CB842D7BA817003CB097 /* Build configuration list for PBXNativeTarget "kanjiCase1Tests" */;
			buildPhases = (
				7E788067338332EC478246D7 /* [CP] Check Pods Manifest.lock */,
				4F68CB682D7BA817003CB097 /* Sources */,
				4F68CB692D7BA817003CB097 /* Frameworks */,
				4F68CB6A2D7BA817003CB097 /* Resources */,
			);
			buildRules = (
			);
			dependencies = (
				4F68CB6E2D7BA817003CB097 /* PBXTargetDependency */,
			);
			fileSystemSynchronizedGroups = (
				4F68CB6F2D7BA817003CB097 /* kanjiCase1Tests */,
			);
			name = kanjiCase1Tests;
			productName = kanjiCase1Tests;
			productReference = 4F68CB6C2D7BA817003CB097 /* kanjiCase1Tests.xctest */;
			productType = "com.apple.product-type.bundle.unit-test";
		};
		4F68CB752D7BA817003CB097 /* kanjiCase1UITests */ = {
			isa = PBXNativeTarget;
			buildConfigurationList = 4F68CB872D7BA817003CB097 /* Build configuration list for PBXNativeTarget "kanjiCase1UITests" */;
			buildPhases = (
				2429C7B32830FE4B1B2A6069 /* [CP] Check Pods Manifest.lock */,
				4F68CB722D7BA817003CB097 /* Sources */,
				4F68CB732D7BA817003CB097 /* Frameworks */,
				4F68CB742D7BA817003CB097 /* Resources */,
				333CA1537991A7316DD1EA3D /* [CP] Embed Pods Frameworks */,
			);
			buildRules = (
			);
			dependencies = (
				4F68CB782D7BA817003CB097 /* PBXTargetDependency */,
			);
			fileSystemSynchronizedGroups = (
				4F68CB792D7BA817003CB097 /* kanjiCase1UITests */,
			);
			name = kanjiCase1UITests;
			productName = kanjiCase1UITests;
			productReference = 4F68CB762D7BA817003CB097 /* kanjiCase1UITests.xctest */;
			productType = "com.apple.product-type.bundle.ui-testing";
		};
/* End PBXNativeTarget section */

/* Begin PBXProject section */
		4F68CB4E2D7BA815003CB097 /* Project object */ = {
			isa = PBXProject;
			attributes = {
				BuildIndependentTargetsInParallel = 1;
				LastSwiftUpdateCheck = 1620;
				LastUpgradeCheck = 1620;
				TargetAttributes = {
					4F68CB552D7BA815003CB097 = {
						CreatedOnToolsVersion = 16.2;
					};
					4F68CB6B2D7BA817003CB097 = {
						CreatedOnToolsVersion = 16.2;
						TestTargetID = 4F68CB552D7BA815003CB097;
					};
					4F68CB752D7BA817003CB097 = {
						CreatedOnToolsVersion = 16.2;
						TestTargetID = 4F68CB552D7BA815003CB097;
					};
				};
			};
			buildConfigurationList = 4F68CB512D7BA815003CB097 /* Build configuration list for PBXProject "kanjiCase1" */;
			developmentRegion = en;
			hasScannedForEncodings = 0;
			knownRegions = (
				en,
				Base,
			);
			mainGroup = 4F68CB4D2D7BA815003CB097;
			minimizedProjectReferenceProxies = 1;
			preferredProjectObjectVersion = 77;
			productRefGroup = 4F68CB572D7BA815003CB097 /* Products */;
			projectDirPath = "";
			projectRoot = "";
			targets = (
				4F68CB552D7BA815003CB097 /* kanjiCase1 */,
				4F68CB6B2D7BA817003CB097 /* kanjiCase1Tests */,
				4F68CB752D7BA817003CB097 /* kanjiCase1UITests */,
			);
		};
/* End PBXProject section */

/* Begin PBXResourcesBuildPhase section */
		4F68CB542D7BA815003CB097 /* Resources */ = {
			isa = PBXResourcesBuildPhase;
			buildActionMask = 2147483647;
			files = (
			);
			runOnlyForDeploymentPostprocessing = 0;
		};
		4F68CB6A2D7BA817003CB097 /* Resources */ = {
			isa = PBXResourcesBuildPhase;
			buildActionMask = 2147483647;
			files = (
			);
			runOnlyForDeploymentPostprocessing = 0;
		};
		4F68CB742D7BA817003CB097 /* Resources */ = {
			isa = PBXResourcesBuildPhase;
			buildActionMask = 2147483647;
			files = (
			);
			runOnlyForDeploymentPostprocessing = 0;
		};
/* End PBXResourcesBuildPhase section */

/* Begin PBXShellScriptBuildPhase section */
		0194C370DC64CE3766F0CA36 /* [CP] Embed Pods Frameworks */ = {
			isa = PBXShellScriptBuildPhase;
			buildActionMask = 2147483647;
			files = (
			);
			inputFileListPaths = (
				"${PODS_ROOT}/Target Support Files/Pods-kanjiCase1/Pods-kanjiCase1-frameworks-${CONFIGURATION}-input-files.xcfilelist",
			);
			name = "[CP] Embed Pods Frameworks";
			outputFileListPaths = (
				"${PODS_ROOT}/Target Support Files/Pods-kanjiCase1/Pods-kanjiCase1-frameworks-${CONFIGURATION}-output-files.xcfilelist",
			);
			runOnlyForDeploymentPostprocessing = 0;
			shellPath = /bin/sh;
			shellScript = "\"${PODS_ROOT}/Target Support Files/Pods-kanjiCase1/Pods-kanjiCase1-frameworks.sh\"\n";
			showEnvVarsInLog = 0;
		};
		2429C7B32830FE4B1B2A6069 /* [CP] Check Pods Manifest.lock */ = {
			isa = PBXShellScriptBuildPhase;
			buildActionMask = 2147483647;
			files = (
			);
			inputFileListPaths = (
			);
			inputPaths = (
				"${PODS_PODFILE_DIR_PATH}/Podfile.lock",
				"${PODS_ROOT}/Manifest.lock",
			);
			name = "[CP] Check Pods Manifest.lock";
			outputFileListPaths = (
			);
			outputPaths = (
				"$(DERIVED_FILE_DIR)/Pods-kanjiCase1-kanjiCase1UITests-checkManifestLockResult.txt",
			);
			runOnlyForDeploymentPostprocessing = 0;
			shellPath = /bin/sh;
			shellScript = "diff \"${PODS_PODFILE_DIR_PATH}/Podfile.lock\" \"${PODS_ROOT}/Manifest.lock\" > /dev/null\nif [ $? != 0 ] ; then\n    # print error to STDERR\n    echo \"error: The sandbox is not in sync with the Podfile.lock. Run 'pod install' or update your CocoaPods installation.\" >&2\n    exit 1\nfi\n# This output is used by Xcode 'outputs' to avoid re-running this script phase.\necho \"SUCCESS\" > \"${SCRIPT_OUTPUT_FILE_0}\"\n";
			showEnvVarsInLog = 0;
		};
		333CA1537991A7316DD1EA3D /* [CP] Embed Pods Frameworks */ = {
			isa = PBXShellScriptBuildPhase;
			buildActionMask = 2147483647;
			files = (
			);
			inputFileListPaths = (
				"${PODS_ROOT}/Target Support Files/Pods-kanjiCase1-kanjiCase1UITests/Pods-kanjiCase1-kanjiCase1UITests-frameworks-${CONFIGURATION}-input-files.xcfilelist",
			);
			name = "[CP] Embed Pods Frameworks";
			outputFileListPaths = (
				"${PODS_ROOT}/Target Support Files/Pods-kanjiCase1-kanjiCase1UITests/Pods-kanjiCase1-kanjiCase1UITests-frameworks-${CONFIGURATION}-output-files.xcfilelist",
			);
			runOnlyForDeploymentPostprocessing = 0;
			shellPath = /bin/sh;
			shellScript = "\"${PODS_ROOT}/Target Support Files/Pods-kanjiCase1-kanjiCase1UITests/Pods-kanjiCase1-kanjiCase1UITests-frameworks.sh\"\n";
			showEnvVarsInLog = 0;
		};
		7E788067338332EC478246D7 /* [CP] Check Pods Manifest.lock */ = {
			isa = PBXShellScriptBuildPhase;
			buildActionMask = 2147483647;
			files = (
			);
			inputFileListPaths = (
			);
			inputPaths = (
				"${PODS_PODFILE_DIR_PATH}/Podfile.lock",
				"${PODS_ROOT}/Manifest.lock",
			);
			name = "[CP] Check Pods Manifest.lock";
			outputFileListPaths = (
			);
			outputPaths = (
				"$(DERIVED_FILE_DIR)/Pods-kanjiCase1Tests-checkManifestLockResult.txt",
			);
			runOnlyForDeploymentPostprocessing = 0;
			shellPath = /bin/sh;
			shellScript = "diff \"${PODS_PODFILE_DIR_PATH}/Podfile.lock\" \"${PODS_ROOT}/Manifest.lock\" > /dev/null\nif [ $? != 0 ] ; then\n    # print error to STDERR\n    echo \"error: The sandbox is not in sync with the Podfile.lock. Run 'pod install' or update your CocoaPods installation.\" >&2\n    exit 1\nfi\n# This output is used by Xcode 'outputs' to avoid re-running this script phase.\necho \"SUCCESS\" > \"${SCRIPT_OUTPUT_FILE_0}\"\n";
			showEnvVarsInLog = 0;
		};
		B632EBEDD9E4710AE5D54E35 /* [CP] Check Pods Manifest.lock */ = {
			isa = PBXShellScriptBuildPhase;
			buildActionMask = 2147483647;
			files = (
			);
			inputFileListPaths = (
			);
			inputPaths = (
				"${PODS_PODFILE_DIR_PATH}/Podfile.lock",
				"${PODS_ROOT}/Manifest.lock",
			);
			name = "[CP] Check Pods Manifest.lock";
			outputFileListPaths = (
			);
			outputPaths = (
				"$(DERIVED_FILE_DIR)/Pods-kanjiCase1-checkManifestLockResult.txt",
			);
			runOnlyForDeploymentPostprocessing = 0;
			shellPath = /bin/sh;
			shellScript = "diff \"${PODS_PODFILE_DIR_PATH}/Podfile.lock\" \"${PODS_ROOT}/Manifest.lock\" > /dev/null\nif [ $? != 0 ] ; then\n    # print error to STDERR\n    echo \"error: The sandbox is not in sync with the Podfile.lock. Run 'pod install' or update your CocoaPods installation.\" >&2\n    exit 1\nfi\n# This output is used by Xcode 'outputs' to avoid re-running this script phase.\necho \"SUCCESS\" > \"${SCRIPT_OUTPUT_FILE_0}\"\n";
			showEnvVarsInLog = 0;
		};
/* End PBXShellScriptBuildPhase section */

/* Begin PBXSourcesBuildPhase section */
		4F68CB522D7BA815003CB097 /* Sources */ = {
			isa = PBXSourcesBuildPhase;
			buildActionMask = 2147483647;
			files = (
			);
			runOnlyForDeploymentPostprocessing = 0;
		};
		4F68CB682D7BA817003CB097 /* Sources */ = {
			isa = PBXSourcesBuildPhase;
			buildActionMask = 2147483647;
			files = (
			);
			runOnlyForDeploymentPostprocessing = 0;
		};
		4F68CB722D7BA817003CB097 /* Sources */ = {
			isa = PBXSourcesBuildPhase;
			buildActionMask = 2147483647;
			files = (
			);
			runOnlyForDeploymentPostprocessing = 0;
		};
/* End PBXSourcesBuildPhase section */

/* Begin PBXTargetDependency section */
		4F68CB6E2D7BA817003CB097 /* PBXTargetDependency */ = {
			isa = PBXTargetDependency;
			target = 4F68CB552D7BA815003CB097 /* kanjiCase1 */;
			targetProxy = 4F68CB6D2D7BA817003CB097 /* PBXContainerItemProxy */;
		};
		4F68CB782D7BA817003CB097 /* PBXTargetDependency */ = {
			isa = PBXTargetDependency;
			target = 4F68CB552D7BA815003CB097 /* kanjiCase1 */;
			targetProxy = 4F68CB772D7BA817003CB097 /* PBXContainerItemProxy */;
		};
/* End PBXTargetDependency section */

/* Begin XCBuildConfiguration section */
		4F68CB802D7BA817003CB097 /* Debug */ = {
			isa = XCBuildConfiguration;
			baseConfigurationReference = 76016F559E058318F1A91933 /* Pods-kanjiCase1.debug.xcconfig */;
			buildSettings = {
				ASSETCATALOG_COMPILER_APPICON_NAME = AppIcon;
				ASSETCATALOG_COMPILER_GLOBAL_ACCENT_COLOR_NAME = AccentColor;
				CODE_SIGN_STYLE = Automatic;
				CURRENT_PROJECT_VERSION = 1;
				ENABLE_USER_SCRIPT_SANDBOXING = NO;
				GENERATE_INFOPLIST_FILE = YES;
				INFOPLIST_FILE = kanjiCase1/Info.plist;
				INFOPLIST_KEY_UIApplicationSupportsIndirectInputEvents = YES;
				INFOPLIST_KEY_UILaunchStoryboardName = LaunchScreen;
				INFOPLIST_KEY_UIMainStoryboardFile = Main;
				INFOPLIST_KEY_UISupportedInterfaceOrientations_iPad = "UIInterfaceOrientationPortrait UIInterfaceOrientationPortraitUpsideDown UIInterfaceOrientationLandscapeLeft UIInterfaceOrientationLandscapeRight";
				INFOPLIST_KEY_UISupportedInterfaceOrientations_iPhone = "UIInterfaceOrientationPortrait UIInterfaceOrientationLandscapeLeft UIInterfaceOrientationLandscapeRight";
				LD_RUNPATH_SEARCH_PATHS = (
					"$(inherited)",
					"@executable_path/Frameworks",
				);
				MARKETING_VERSION = 1.0;
				PRODUCT_BUNDLE_IDENTIFIER = "Swift-Beginners.kanjiCase1";
				PRODUCT_NAME = "$(TARGET_NAME)";
				SWIFT_EMIT_LOC_STRINGS = YES;
				SWIFT_VERSION = 5.0;
				TARGETED_DEVICE_FAMILY = "1,2";
			};
			name = Debug;
		};
		4F68CB812D7BA817003CB097 /* Release */ = {
			isa = XCBuildConfiguration;
			baseConfigurationReference = 97C8365F76D83156F8958AA7 /* Pods-kanjiCase1.release.xcconfig */;
			buildSettings = {
				ASSETCATALOG_COMPILER_APPICON_NAME = AppIcon;
				ASSETCATALOG_COMPILER_GLOBAL_ACCENT_COLOR_NAME = AccentColor;
				CODE_SIGN_STYLE = Automatic;
				CURRENT_PROJECT_VERSION = 1;
				ENABLE_USER_SCRIPT_SANDBOXING = NO;
				GENERATE_INFOPLIST_FILE = YES;
				INFOPLIST_FILE = kanjiCase1/Info.plist;
				INFOPLIST_KEY_UIApplicationSupportsIndirectInputEvents = YES;
				INFOPLIST_KEY_UILaunchStoryboardName = LaunchScreen;
				INFOPLIST_KEY_UIMainStoryboardFile = Main;
				INFOPLIST_KEY_UISupportedInterfaceOrientations_iPad = "UIInterfaceOrientationPortrait UIInterfaceOrientationPortraitUpsideDown UIInterfaceOrientationLandscapeLeft UIInterfaceOrientationLandscapeRight";
				INFOPLIST_KEY_UISupportedInterfaceOrientations_iPhone = "UIInterfaceOrientationPortrait UIInterfaceOrientationLandscapeLeft UIInterfaceOrientationLandscapeRight";
				LD_RUNPATH_SEARCH_PATHS = (
					"$(inherited)",
					"@executable_path/Frameworks",
				);
				MARKETING_VERSION = 1.0;
				PRODUCT_BUNDLE_IDENTIFIER = "Swift-Beginners.kanjiCase1";
				PRODUCT_NAME = "$(TARGET_NAME)";
				SWIFT_EMIT_LOC_STRINGS = YES;
				SWIFT_VERSION = 5.0;
				TARGETED_DEVICE_FAMILY = "1,2";
			};
			name = Release;
		};
		4F68CB822D7BA817003CB097 /* Debug */ = {
			isa = XCBuildConfiguration;
			buildSettings = {
				ALWAYS_SEARCH_USER_PATHS = NO;
				ASSETCATALOG_COMPILER_GENERATE_SWIFT_ASSET_SYMBOL_EXTENSIONS = YES;
				CLANG_ANALYZER_NONNULL = YES;
				CLANG_ANALYZER_NUMBER_OBJECT_CONVERSION = YES_AGGRESSIVE;
				CLANG_CXX_LANGUAGE_STANDARD = "gnu++20";
				CLANG_ENABLE_MODULES = YES;
				CLANG_ENABLE_OBJC_ARC = YES;
				CLANG_ENABLE_OBJC_WEAK = YES;
				CLANG_WARN_BLOCK_CAPTURE_AUTORELEASING = YES;
				CLANG_WARN_BOOL_CONVERSION = YES;
				CLANG_WARN_COMMA = YES;
				CLANG_WARN_CONSTANT_CONVERSION = YES;
				CLANG_WARN_DEPRECATED_OBJC_IMPLEMENTATIONS = YES;
				CLANG_WARN_DIRECT_OBJC_ISA_USAGE = YES_ERROR;
				CLANG_WARN_DOCUMENTATION_COMMENTS = YES;
				CLANG_WARN_EMPTY_BODY = YES;
				CLANG_WARN_ENUM_CONVERSION = YES;
				CLANG_WARN_INFINITE_RECURSION = YES;
				CLANG_WARN_INT_CONVERSION = YES;
				CLANG_WARN_NON_LITERAL_NULL_CONVERSION = YES;
				CLANG_WARN_OBJC_IMPLICIT_RETAIN_SELF = YES;
				CLANG_WARN_OBJC_LITERAL_CONVERSION = YES;
				CLANG_WARN_OBJC_ROOT_CLASS = YES_ERROR;
				CLANG_WARN_QUOTED_INCLUDE_IN_FRAMEWORK_HEADER = YES;
				CLANG_WARN_RANGE_LOOP_ANALYSIS = YES;
				CLANG_WARN_STRICT_PROTOTYPES = YES;
				CLANG_WARN_SUSPICIOUS_MOVE = YES;
				CLANG_WARN_UNGUARDED_AVAILABILITY = YES_AGGRESSIVE;
				CLANG_WARN_UNREACHABLE_CODE = YES;
				CLANG_WARN__DUPLICATE_METHOD_MATCH = YES;
				COPY_PHASE_STRIP = NO;
				DEBUG_INFORMATION_FORMAT = dwarf;
				ENABLE_STRICT_OBJC_MSGSEND = YES;
				ENABLE_TESTABILITY = YES;
				ENABLE_USER_SCRIPT_SANDBOXING = YES;
				GCC_C_LANGUAGE_STANDARD = gnu17;
				GCC_DYNAMIC_NO_PIC = NO;
				GCC_NO_COMMON_BLOCKS = YES;
				GCC_OPTIMIZATION_LEVEL = 0;
				GCC_PREPROCESSOR_DEFINITIONS = (
					"DEBUG=1",
					"$(inherited)",
				);
				GCC_WARN_64_TO_32_BIT_CONVERSION = YES;
				GCC_WARN_ABOUT_RETURN_TYPE = YES_ERROR;
				GCC_WARN_UNDECLARED_SELECTOR = YES;
				GCC_WARN_UNINITIALIZED_AUTOS = YES_AGGRESSIVE;
				GCC_WARN_UNUSED_FUNCTION = YES;
				GCC_WARN_UNUSED_VARIABLE = YES;
				IPHONEOS_DEPLOYMENT_TARGET = 18.2;
				LOCALIZATION_PREFERS_STRING_CATALOGS = YES;
				MTL_ENABLE_DEBUG_INFO = INCLUDE_SOURCE;
				MTL_FAST_MATH = YES;
				ONLY_ACTIVE_ARCH = YES;
				SDKROOT = iphoneos;
				SWIFT_ACTIVE_COMPILATION_CONDITIONS = "DEBUG $(inherited)";
				SWIFT_OPTIMIZATION_LEVEL = "-Onone";
			};
			name = Debug;
		};
		4F68CB832D7BA817003CB097 /* Release */ = {
			isa = XCBuildConfiguration;
			buildSettings = {
				ALWAYS_SEARCH_USER_PATHS = NO;
				ASSETCATALOG_COMPILER_GENERATE_SWIFT_ASSET_SYMBOL_EXTENSIONS = YES;
				CLANG_ANALYZER_NONNULL = YES;
				CLANG_ANALYZER_NUMBER_OBJECT_CONVERSION = YES_AGGRESSIVE;
				CLANG_CXX_LANGUAGE_STANDARD = "gnu++20";
				CLANG_ENABLE_MODULES = YES;
				CLANG_ENABLE_OBJC_ARC = YES;
				CLANG_ENABLE_OBJC_WEAK = YES;
				CLANG_WARN_BLOCK_CAPTURE_AUTORELEASING = YES;
				CLANG_WARN_BOOL_CONVERSION = YES;
				CLANG_WARN_COMMA = YES;
				CLANG_WARN_CONSTANT_CONVERSION = YES;
				CLANG_WARN_DEPRECATED_OBJC_IMPLEMENTATIONS = YES;
				CLANG_WARN_DIRECT_OBJC_ISA_USAGE = YES_ERROR;
				CLANG_WARN_DOCUMENTATION_COMMENTS = YES;
				CLANG_WARN_EMPTY_BODY = YES;
				CLANG_WARN_ENUM_CONVERSION = YES;
				CLANG_WARN_INFINITE_RECURSION = YES;
				CLANG_WARN_INT_CONVERSION = YES;
				CLANG_WARN_NON_LITERAL_NULL_CONVERSION = YES;
				CLANG_WARN_OBJC_IMPLICIT_RETAIN_SELF = YES;
				CLANG_WARN_OBJC_LITERAL_CONVERSION = YES;
				CLANG_WARN_OBJC_ROOT_CLASS = YES_ERROR;
				CLANG_WARN_QUOTED_INCLUDE_IN_FRAMEWORK_HEADER = YES;
				CLANG_WARN_RANGE_LOOP_ANALYSIS = YES;
				CLANG_WARN_STRICT_PROTOTYPES = YES;
				CLANG_WARN_SUSPICIOUS_MOVE = YES;
				CLANG_WARN_UNGUARDED_AVAILABILITY = YES_AGGRESSIVE;
				CLANG_WARN_UNREACHABLE_CODE = YES;
				CLANG_WARN__DUPLICATE_METHOD_MATCH = YES;
				COPY_PHASE_STRIP = NO;
				DEBUG_INFORMATION_FORMAT = "dwarf-with-dsym";
				ENABLE_NS_ASSERTIONS = NO;
				ENABLE_STRICT_OBJC_MSGSEND = YES;
				ENABLE_USER_SCRIPT_SANDBOXING = YES;
				GCC_C_LANGUAGE_STANDARD = gnu17;
				GCC_NO_COMMON_BLOCKS = YES;
				GCC_WARN_64_TO_32_BIT_CONVERSION = YES;
				GCC_WARN_ABOUT_RETURN_TYPE = YES_ERROR;
				GCC_WARN_UNDECLARED_SELECTOR = YES;
				GCC_WARN_UNINITIALIZED_AUTOS = YES_AGGRESSIVE;
				GCC_WARN_UNUSED_FUNCTION = YES;
				GCC_WARN_UNUSED_VARIABLE = YES;
				IPHONEOS_DEPLOYMENT_TARGET = 18.2;
				LOCALIZATION_PREFERS_STRING_CATALOGS = YES;
				MTL_ENABLE_DEBUG_INFO = NO;
				MTL_FAST_MATH = YES;
				SDKROOT = iphoneos;
				SWIFT_COMPILATION_MODE = wholemodule;
				VALIDATE_PRODUCT = YES;
			};
			name = Release;
		};
		4F68CB852D7BA817003CB097 /* Debug */ = {
			isa = XCBuildConfiguration;
			baseConfigurationReference = E85C0DF9CA21BD26C1EE18EE /* Pods-kanjiCase1Tests.debug.xcconfig */;
			buildSettings = {
				BUNDLE_LOADER = "$(TEST_HOST)";
				CODE_SIGN_STYLE = Automatic;
				CURRENT_PROJECT_VERSION = 1;
				GENERATE_INFOPLIST_FILE = YES;
				IPHONEOS_DEPLOYMENT_TARGET = 18.2;
				MARKETING_VERSION = 1.0;
				PRODUCT_BUNDLE_IDENTIFIER = "Swift-Beginners.kanjiCase1Tests";
				PRODUCT_NAME = "$(TARGET_NAME)";
				SWIFT_EMIT_LOC_STRINGS = NO;
				SWIFT_VERSION = 5.0;
				TARGETED_DEVICE_FAMILY = "1,2";
				TEST_HOST = "$(BUILT_PRODUCTS_DIR)/kanjiCase1.app/$(BUNDLE_EXECUTABLE_FOLDER_PATH)/kanjiCase1";
			};
			name = Debug;
		};
		4F68CB862D7BA817003CB097 /* Release */ = {
			isa = XCBuildConfiguration;
			baseConfigurationReference = 94A58B016BF80467C5960056 /* Pods-kanjiCase1Tests.release.xcconfig */;
			buildSettings = {
				BUNDLE_LOADER = "$(TEST_HOST)";
				CODE_SIGN_STYLE = Automatic;
				CURRENT_PROJECT_VERSION = 1;
				GENERATE_INFOPLIST_FILE = YES;
				IPHONEOS_DEPLOYMENT_TARGET = 18.2;
				MARKETING_VERSION = 1.0;
				PRODUCT_BUNDLE_IDENTIFIER = "Swift-Beginners.kanjiCase1Tests";
				PRODUCT_NAME = "$(TARGET_NAME)";
				SWIFT_EMIT_LOC_STRINGS = NO;
				SWIFT_VERSION = 5.0;
				TARGETED_DEVICE_FAMILY = "1,2";
				TEST_HOST = "$(BUILT_PRODUCTS_DIR)/kanjiCase1.app/$(BUNDLE_EXECUTABLE_FOLDER_PATH)/kanjiCase1";
			};
			name = Release;
		};
		4F68CB882D7BA817003CB097 /* Debug */ = {
			isa = XCBuildConfiguration;
			baseConfigurationReference = FD246366433D019F309C1328 /* Pods-kanjiCase1-kanjiCase1UITests.debug.xcconfig */;
			buildSettings = {
				CODE_SIGN_STYLE = Automatic;
				CURRENT_PROJECT_VERSION = 1;
				GENERATE_INFOPLIST_FILE = YES;
				MARKETING_VERSION = 1.0;
				PRODUCT_BUNDLE_IDENTIFIER = "Swift-Beginners.kanjiCase1UITests";
				PRODUCT_NAME = "$(TARGET_NAME)";
				SWIFT_EMIT_LOC_STRINGS = NO;
				SWIFT_VERSION = 5.0;
				TARGETED_DEVICE_FAMILY = "1,2";
				TEST_TARGET_NAME = kanjiCase1;
			};
			name = Debug;
		};
		4F68CB892D7BA817003CB097 /* Release */ = {
			isa = XCBuildConfiguration;
			baseConfigurationReference = 3C89164F5C0A7B52355C7F84 /* Pods-kanjiCase1-kanjiCase1UITests.release.xcconfig */;
			buildSettings = {
				CODE_SIGN_STYLE = Automatic;
				CURRENT_PROJECT_VERSION = 1;
				GENERATE_INFOPLIST_FILE = YES;
				MARKETING_VERSION = 1.0;
				PRODUCT_BUNDLE_IDENTIFIER = "Swift-Beginners.kanjiCase1UITests";
				PRODUCT_NAME = "$(TARGET_NAME)";
				SWIFT_EMIT_LOC_STRINGS = NO;
				SWIFT_VERSION = 5.0;
				TARGETED_DEVICE_FAMILY = "1,2";
				TEST_TARGET_NAME = kanjiCase1;
			};
			name = Release;
		};
/* End XCBuildConfiguration section */

/* Begin XCConfigurationList section */
		4F68CB512D7BA815003CB097 /* Build configuration list for PBXProject "kanjiCase1" */ = {
			isa = XCConfigurationList;
			buildConfigurations = (
				4F68CB822D7BA817003CB097 /* Debug */,
				4F68CB832D7BA817003CB097 /* Release */,
			);
			defaultConfigurationIsVisible = 0;
			defaultConfigurationName = Release;
		};
		4F68CB7F2D7BA817003CB097 /* Build configuration list for PBXNativeTarget "kanjiCase1" */ = {
			isa = XCConfigurationList;
			buildConfigurations = (
				4F68CB802D7BA817003CB097 /* Debug */,
				4F68CB812D7BA817003CB097 /* Release */,
			);
			defaultConfigurationIsVisible = 0;
			defaultConfigurationName = Release;
		};
		4F68CB842D7BA817003CB097 /* Build configuration list for PBXNativeTarget "kanjiCase1Tests" */ = {
			isa = XCConfigurationList;
			buildConfigurations = (
				4F68CB852D7BA817003CB097 /* Debug */,
				4F68CB862D7BA817003CB097 /* Release */,
			);
			defaultConfigurationIsVisible = 0;
			defaultConfigurationName = Release;
		};
		4F68CB872D7BA817003CB097 /* Build configuration list for PBXNativeTarget "kanjiCase1UITests" */ = {
			isa = XCConfigurationList;
			buildConfigurations = (
				4F68CB882D7BA817003CB097 /* Debug */,
				4F68CB892D7BA817003CB097 /* Release */,
			);
			defaultConfigurationIsVisible = 0;
			defaultConfigurationName = Release;
		};
/* End XCConfigurationList section */
	};
	rootObject = 4F68CB4E2D7BA815003CB097 /* Project object */;
}
